// !$*UTF8*$!
{
	archiveVersion = 1;
	classes = {
	};
	objectVersion = 50;
	objects = {

/* Begin PBXBuildFile section */
		239282442476766F00CC84D2 /* AppDelegate.swift in Sources */ = {isa = PBXBuildFile; fileRef = 239282432476766F00CC84D2 /* AppDelegate.swift */; };
		239282462476766F00CC84D2 /* SceneDelegate.swift in Sources */ = {isa = PBXBuildFile; fileRef = 239282452476766F00CC84D2 /* SceneDelegate.swift */; };
		239282482476766F00CC84D2 /* ViewController.swift in Sources */ = {isa = PBXBuildFile; fileRef = 239282472476766F00CC84D2 /* ViewController.swift */; };
		2392824B2476766F00CC84D2 /* Main.storyboard in Resources */ = {isa = PBXBuildFile; fileRef = 239282492476766F00CC84D2 /* Main.storyboard */; };
		2392824D2476767100CC84D2 /* Assets.xcassets in Resources */ = {isa = PBXBuildFile; fileRef = 2392824C2476767100CC84D2 /* Assets.xcassets */; };
		239282502476767100CC84D2 /* LaunchScreen.storyboard in Resources */ = {isa = PBXBuildFile; fileRef = 2392824E2476767100CC84D2 /* LaunchScreen.storyboard */; };
		2392825B2476767100CC84D2 /* TestTests.swift in Sources */ = {isa = PBXBuildFile; fileRef = 2392825A2476767100CC84D2 /* TestTests.swift */; };
		239282662476767100CC84D2 /* TestUITests.swift in Sources */ = {isa = PBXBuildFile; fileRef = 239282652476767100CC84D2 /* TestUITests.swift */; };
/* End PBXBuildFile section */

/* Begin PBXContainerItemProxy section */
		239282572476767100CC84D2 /* PBXContainerItemProxy */ = {
			isa = PBXContainerItemProxy;
			containerPortal = 239282382476766F00CC84D2 /* Project object */;
			proxyType = 1;
			remoteGlobalIDString = 2392823F2476766F00CC84D2;
			remoteInfo = Test;
		};
		239282622476767100CC84D2 /* PBXContainerItemProxy */ = {
			isa = PBXContainerItemProxy;
			containerPortal = 239282382476766F00CC84D2 /* Project object */;
			proxyType = 1;
			remoteGlobalIDString = 2392823F2476766F00CC84D2;
			remoteInfo = Test;
		};
/* End PBXContainerItemProxy section */

/* Begin PBXFileReference section */
		239282402476766F00CC84D2 /* Test.app */ = {isa = PBXFileReference; explicitFileType = wrapper.application; includeInIndex = 0; path = Test.app; sourceTree = BUILT_PRODUCTS_DIR; };
		239282432476766F00CC84D2 /* AppDelegate.swift */ = {isa = PBXFileReference; lastKnownFileType = sourcecode.swift; path = AppDelegate.swift; sourceTree = "<group>"; };
		239282452476766F00CC84D2 /* SceneDelegate.swift */ = {isa = PBXFileReference; lastKnownFileType = sourcecode.swift; path = SceneDelegate.swift; sourceTree = "<group>"; };
		239282472476766F00CC84D2 /* ViewController.swift */ = {isa = PBXFileReference; lastKnownFileType = sourcecode.swift; path = ViewController.swift; sourceTree = "<group>"; };
		2392824A2476766F00CC84D2 /* Base */ = {isa = PBXFileReference; lastKnownFileType = file.storyboard; name = Base; path = Base.lproj/Main.storyboard; sourceTree = "<group>"; };
		2392824C2476767100CC84D2 /* Assets.xcassets */ = {isa = PBXFileReference; lastKnownFileType = folder.assetcatalog; path = Assets.xcassets; sourceTree = "<group>"; };
		2392824F2476767100CC84D2 /* Base */ = {isa = PBXFileReference; lastKnownFileType = file.storyboard; name = Base; path = Base.lproj/LaunchScreen.storyboard; sourceTree = "<group>"; };
		239282512476767100CC84D2 /* Info.plist */ = {isa = PBXFileReference; lastKnownFileType = text.plist.xml; path = Info.plist; sourceTree = "<group>"; };
		239282562476767100CC84D2 /* TestTests.xctest */ = {isa = PBXFileReference; explicitFileType = wrapper.cfbundle; includeInIndex = 0; path = TestTests.xctest; sourceTree = BUILT_PRODUCTS_DIR; };
		2392825A2476767100CC84D2 /* TestTests.swift */ = {isa = PBXFileReference; lastKnownFileType = sourcecode.swift; path = TestTests.swift; sourceTree = "<group>"; };
		2392825C2476767100CC84D2 /* Info.plist */ = {isa = PBXFileReference; lastKnownFileType = text.plist.xml; path = Info.plist; sourceTree = "<group>"; };
		239282612476767100CC84D2 /* TestUITests.xctest */ = {isa = PBXFileReference; explicitFileType = wrapper.cfbundle; includeInIndex = 0; path = TestUITests.xctest; sourceTree = BUILT_PRODUCTS_DIR; };
		239282652476767100CC84D2 /* TestUITests.swift */ = {isa = PBXFileReference; lastKnownFileType = sourcecode.swift; path = TestUITests.swift; sourceTree = "<group>"; };
		239282672476767100CC84D2 /* Info.plist */ = {isa = PBXFileReference; lastKnownFileType = text.plist.xml; path = Info.plist; sourceTree = "<group>"; };
/* End PBXFileReference section */

/* Begin PBXFrameworksBuildPhase section */
		2392823D2476766F00CC84D2 /* Frameworks */ = {
			isa = PBXFrameworksBuildPhase;
			buildActionMask = 2147483647;
			files = (
			);
			runOnlyForDeploymentPostprocessing = 0;
		};
		239282532476767100CC84D2 /* Frameworks */ = {
			isa = PBXFrameworksBuildPhase;
			buildActionMask = 2147483647;
			files = (
			);
			runOnlyForDeploymentPostprocessing = 0;
		};
		2392825E2476767100CC84D2 /* Frameworks */ = {
			isa = PBXFrameworksBuildPhase;
			buildActionMask = 2147483647;
			files = (
			);
			runOnlyForDeploymentPostprocessing = 0;
		};
/* End PBXFrameworksBuildPhase section */

/* Begin PBXGroup section */
		239282372476766F00CC84D2 = {
			isa = PBXGroup;
			children = (
				239282422476766F00CC84D2 /* Test */,
				239282592476767100CC84D2 /* TestTests */,
				239282642476767100CC84D2 /* TestUITests */,
				239282412476766F00CC84D2 /* Products */,
			);
			sourceTree = "<group>";
		};
		239282412476766F00CC84D2 /* Products */ = {
			isa = PBXGroup;
			children = (
				239282402476766F00CC84D2 /* Test.app */,
				239282562476767100CC84D2 /* TestTests.xctest */,
				239282612476767100CC84D2 /* TestUITests.xctest */,
			);
			name = Products;
			sourceTree = "<group>";
		};
		239282422476766F00CC84D2 /* Test */ = {
			isa = PBXGroup;
			children = (
				239282432476766F00CC84D2 /* AppDelegate.swift */,
				239282452476766F00CC84D2 /* SceneDelegate.swift */,
				239282472476766F00CC84D2 /* ViewController.swift */,
				239282492476766F00CC84D2 /* Main.storyboard */,
				2392824C2476767100CC84D2 /* Assets.xcassets */,
				2392824E2476767100CC84D2 /* LaunchScreen.storyboard */,
				239282512476767100CC84D2 /* Info.plist */,
			);
			path = Test;
			sourceTree = "<group>";
		};
		239282592476767100CC84D2 /* TestTests */ = {
			isa = PBXGroup;
			children = (
				2392825A2476767100CC84D2 /* TestTests.swift */,
				2392825C2476767100CC84D2 /* Info.plist */,
			);
			path = TestTests;
			sourceTree = "<group>";
		};
		239282642476767100CC84D2 /* TestUITests */ = {
			isa = PBXGroup;
			children = (
				239282652476767100CC84D2 /* TestUITests.swift */,
				239282672476767100CC84D2 /* Info.plist */,
			);
			path = TestUITests;
			sourceTree = "<group>";
		};
/* End PBXGroup section */

/* Begin PBXNativeTarget section */
		2392823F2476766F00CC84D2 /* Test */ = {
			isa = PBXNativeTarget;
			buildConfigurationList = 2392826A2476767100CC84D2 /* Build configuration list for PBXNativeTarget "Test" */;
			buildPhases = (
				2392823C2476766F00CC84D2 /* Sources */,
				2392823D2476766F00CC84D2 /* Frameworks */,
				2392823E2476766F00CC84D2 /* Resources */,
			);
			buildRules = (
			);
			dependencies = (
			);
			name = Test;
			productName = Test;
			productReference = 239282402476766F00CC84D2 /* Test.app */;
			productType = "com.apple.product-type.application";
		};
		239282552476767100CC84D2 /* TestTests */ = {
			isa = PBXNativeTarget;
			buildConfigurationList = 2392826D2476767100CC84D2 /* Build configuration list for PBXNativeTarget "TestTests" */;
			buildPhases = (
				239282522476767100CC84D2 /* Sources */,
				239282532476767100CC84D2 /* Frameworks */,
				239282542476767100CC84D2 /* Resources */,
			);
			buildRules = (
			);
			dependencies = (
				239282582476767100CC84D2 /* PBXTargetDependency */,
			);
			name = TestTests;
			productName = TestTests;
			productReference = 239282562476767100CC84D2 /* TestTests.xctest */;
			productType = "com.apple.product-type.bundle.unit-test";
		};
		239282602476767100CC84D2 /* TestUITests */ = {
			isa = PBXNativeTarget;
			buildConfigurationList = 239282702476767100CC84D2 /* Build configuration list for PBXNativeTarget "TestUITests" */;
			buildPhases = (
				2392825D2476767100CC84D2 /* Sources */,
				2392825E2476767100CC84D2 /* Frameworks */,
				2392825F2476767100CC84D2 /* Resources */,
			);
			buildRules = (
			);
			dependencies = (
				239282632476767100CC84D2 /* PBXTargetDependency */,
			);
			name = TestUITests;
			productName = TestUITests;
			productReference = 239282612476767100CC84D2 /* TestUITests.xctest */;
			productType = "com.apple.product-type.bundle.ui-testing";
		};
/* End PBXNativeTarget section */

/* Begin PBXProject section */
		239282382476766F00CC84D2 /* Project object */ = {
			isa = PBXProject;
			attributes = {
				LastSwiftUpdateCheck = 1150;
				LastUpgradeCheck = 1150;
				ORGANIZATIONNAME = "房潇";
				TargetAttributes = {
					2392823F2476766F00CC84D2 = {
						CreatedOnToolsVersion = 11.5;
					};
					239282552476767100CC84D2 = {
						CreatedOnToolsVersion = 11.5;
						TestTargetID = 2392823F2476766F00CC84D2;
					};
					239282602476767100CC84D2 = {
						CreatedOnToolsVersion = 11.5;
						TestTargetID = 2392823F2476766F00CC84D2;
					};
				};
			};
			buildConfigurationList = 2392823B2476766F00CC84D2 /* Build configuration list for PBXProject "Test" */;
			compatibilityVersion = "Xcode 9.3";
			developmentRegion = en;
			hasScannedForEncodings = 0;
			knownRegions = (
				en,
				Base,
			);
			mainGroup = 239282372476766F00CC84D2;
			productRefGroup = 239282412476766F00CC84D2 /* Products */;
			projectDirPath = "";
			projectRoot = "";
			targets = (
				2392823F2476766F00CC84D2 /* Test */,
				239282552476767100CC84D2 /* TestTests */,
				239282602476767100CC84D2 /* TestUITests */,
			);
		};
/* End PBXProject section */

/* Begin PBXResourcesBuildPhase section */
		2392823E2476766F00CC84D2 /* Resources */ = {
			isa = PBXResourcesBuildPhase;
			buildActionMask = 2147483647;
			files = (
				239282502476767100CC84D2 /* LaunchScreen.storyboard in Resources */,
				2392824D2476767100CC84D2 /* Assets.xcassets in Resources */,
				2392824B2476766F00CC84D2 /* Main.storyboard in Resources */,
			);
			runOnlyForDeploymentPostprocessing = 0;
		};
		239282542476767100CC84D2 /* Resources */ = {
			isa = PBXResourcesBuildPhase;
			buildActionMask = 2147483647;
			files = (
			);
			runOnlyForDeploymentPostprocessing = 0;
		};
		2392825F2476767100CC84D2 /* Resources */ = {
			isa = PBXResourcesBuildPhase;
			buildActionMask = 2147483647;
			files = (
			);
			runOnlyForDeploymentPostprocessing = 0;
		};
/* End PBXResourcesBuildPhase section */

/* Begin PBXSourcesBuildPhase section */
		2392823C2476766F00CC84D2 /* Sources */ = {
			isa = PBXSourcesBuildPhase;
			buildActionMask = 2147483647;
			files = (
				239282482476766F00CC84D2 /* ViewController.swift in Sources */,
				239282442476766F00CC84D2 /* AppDelegate.swift in Sources */,
				239282462476766F00CC84D2 /* SceneDelegate.swift in Sources */,
			);
			runOnlyForDeploymentPostprocessing = 0;
		};
		239282522476767100CC84D2 /* Sources */ = {
			isa = PBXSourcesBuildPhase;
			buildActionMask = 2147483647;
			files = (
				2392825B2476767100CC84D2 /* TestTests.swift in Sources */,
			);
			runOnlyForDeploymentPostprocessing = 0;
		};
		2392825D2476767100CC84D2 /* Sources */ = {
			isa = PBXSourcesBuildPhase;
			buildActionMask = 2147483647;
			files = (
				239282662476767100CC84D2 /* TestUITests.swift in Sources */,
			);
			runOnlyForDeploymentPostprocessing = 0;
		};
/* End PBXSourcesBuildPhase section */

/* Begin PBXTargetDependency section */
		239282582476767100CC84D2 /* PBXTargetDependency */ = {
			isa = PBXTargetDependency;
			target = 2392823F2476766F00CC84D2 /* Test */;
			targetProxy = 239282572476767100CC84D2 /* PBXContainerItemProxy */;
		};
		239282632476767100CC84D2 /* PBXTargetDependency */ = {
			isa = PBXTargetDependency;
			target = 2392823F2476766F00CC84D2 /* Test */;
			targetProxy = 239282622476767100CC84D2 /* PBXContainerItemProxy */;
		};
/* End PBXTargetDependency section */

/* Begin PBXVariantGroup section */
		239282492476766F00CC84D2 /* Main.storyboard */ = {
			isa = PBXVariantGroup;
			children = (
				2392824A2476766F00CC84D2 /* Base */,
			);
			name = Main.storyboard;
			sourceTree = "<group>";
		};
		2392824E2476767100CC84D2 /* LaunchScreen.storyboard */ = {
			isa = PBXVariantGroup;
			children = (
				2392824F2476767100CC84D2 /* Base */,
			);
			name = LaunchScreen.storyboard;
			sourceTree = "<group>";
		};
/* End PBXVariantGroup section */

/* Begin XCBuildConfiguration section */
		239282682476767100CC84D2 /* Debug */ = {
			isa = XCBuildConfiguration;
			buildSettings = {
				ALWAYS_SEARCH_USER_PATHS = NO;
				CLANG_ANALYZER_NONNULL = YES;
				CLANG_ANALYZER_NUMBER_OBJECT_CONVERSION = YES_AGGRESSIVE;
				CLANG_CXX_LANGUAGE_STANDARD = "gnu++14";
				CLANG_CXX_LIBRARY = "libc++";
				CLANG_ENABLE_MODULES = YES;
				CLANG_ENABLE_OBJC_ARC = YES;
				CLANG_ENABLE_OBJC_WEAK = YES;
				CLANG_WARN_BLOCK_CAPTURE_AUTORELEASING = YES;
				CLANG_WARN_BOOL_CONVERSION = YES;
				CLANG_WARN_COMMA = YES;
				CLANG_WARN_CONSTANT_CONVERSION = YES;
				CLANG_WARN_DEPRECATED_OBJC_IMPLEMENTATIONS = YES;
				CLANG_WARN_DIRECT_OBJC_ISA_USAGE = YES_ERROR;
				CLANG_WARN_DOCUMENTATION_COMMENTS = YES;
				CLANG_WARN_EMPTY_BODY = YES;
				CLANG_WARN_ENUM_CONVERSION = YES;
				CLANG_WARN_INFINITE_RECURSION = YES;
				CLANG_WARN_INT_CONVERSION = YES;
				CLANG_WARN_NON_LITERAL_NULL_CONVERSION = YES;
				CLANG_WARN_OBJC_IMPLICIT_RETAIN_SELF = YES;
				CLANG_WARN_OBJC_LITERAL_CONVERSION = YES;
				CLANG_WARN_OBJC_ROOT_CLASS = YES_ERROR;
				CLANG_WARN_RANGE_LOOP_ANALYSIS = YES;
				CLANG_WARN_STRICT_PROTOTYPES = YES;
				CLANG_WARN_SUSPICIOUS_MOVE = YES;
				CLANG_WARN_UNGUARDED_AVAILABILITY = YES_AGGRESSIVE;
				CLANG_WARN_UNREACHABLE_CODE = YES;
				CLANG_WARN__DUPLICATE_METHOD_MATCH = YES;
				COPY_PHASE_STRIP = NO;
				DEBUG_INFORMATION_FORMAT = dwarf;
				ENABLE_STRICT_OBJC_MSGSEND = YES;
				ENABLE_TESTABILITY = YES;
				GCC_C_LANGUAGE_STANDARD = gnu11;
				GCC_DYNAMIC_NO_PIC = NO;
				GCC_NO_COMMON_BLOCKS = YES;
				GCC_OPTIMIZATION_LEVEL = 0;
				GCC_PREPROCESSOR_DEFINITIONS = (
					"DEBUG=1",
					"$(inherited)",
				);
				GCC_WARN_64_TO_32_BIT_CONVERSION = YES;
				GCC_WARN_ABOUT_RETURN_TYPE = YES_ERROR;
				GCC_WARN_UNDECLARED_SELECTOR = YES;
				GCC_WARN_UNINITIALIZED_AUTOS = YES_AGGRESSIVE;
				GCC_WARN_UNUSED_FUNCTION = YES;
				GCC_WARN_UNUSED_VARIABLE = YES;
				IPHONEOS_DEPLOYMENT_TARGET = 13.5;
				MTL_ENABLE_DEBUG_INFO = INCLUDE_SOURCE;
				MTL_FAST_MATH = YES;
				ONLY_ACTIVE_ARCH = YES;
				SDKROOT = iphoneos;
				SWIFT_ACTIVE_COMPILATION_CONDITIONS = DEBUG;
				SWIFT_OPTIMIZATION_LEVEL = "-Onone";
			};
			name = Debug;
		};
		239282692476767100CC84D2 /* Release */ = {
			isa = XCBuildConfiguration;
			buildSettings = {
				ALWAYS_SEARCH_USER_PATHS = NO;
				CLANG_ANALYZER_NONNULL = YES;
				CLANG_ANALYZER_NUMBER_OBJECT_CONVERSION = YES_AGGRESSIVE;
				CLANG_CXX_LANGUAGE_STANDARD = "gnu++14";
				CLANG_CXX_LIBRARY = "libc++";
				CLANG_ENABLE_MODULES = YES;
				CLANG_ENABLE_OBJC_ARC = YES;
				CLANG_ENABLE_OBJC_WEAK = YES;
				CLANG_WARN_BLOCK_CAPTURE_AUTORELEASING = YES;
				CLANG_WARN_BOOL_CONVERSION = YES;
				CLANG_WARN_COMMA = YES;
				CLANG_WARN_CONSTANT_CONVERSION = YES;
				CLANG_WARN_DEPRECATED_OBJC_IMPLEMENTATIONS = YES;
				CLANG_WARN_DIRECT_OBJC_ISA_USAGE = YES_ERROR;
				CLANG_WARN_DOCUMENTATION_COMMENTS = YES;
				CLANG_WARN_EMPTY_BODY = YES;
				CLANG_WARN_ENUM_CONVERSION = YES;
				CLANG_WARN_INFINITE_RECURSION = YES;
				CLANG_WARN_INT_CONVERSION = YES;
				CLANG_WARN_NON_LITERAL_NULL_CONVERSION = YES;
				CLANG_WARN_OBJC_IMPLICIT_RETAIN_SELF = YES;
				CLANG_WARN_OBJC_LITERAL_CONVERSION = YES;
				CLANG_WARN_OBJC_ROOT_CLASS = YES_ERROR;
				CLANG_WARN_RANGE_LOOP_ANALYSIS = YES;
				CLANG_WARN_STRICT_PROTOTYPES = YES;
				CLANG_WARN_SUSPICIOUS_MOVE = YES;
				CLANG_WARN_UNGUARDED_AVAILABILITY = YES_AGGRESSIVE;
				CLANG_WARN_UNREACHABLE_CODE = YES;
				CLANG_WARN__DUPLICATE_METHOD_MATCH = YES;
				COPY_PHASE_STRIP = NO;
				DEBUG_INFORMATION_FORMAT = "dwarf-with-dsym";
				ENABLE_NS_ASSERTIONS = NO;
				ENABLE_STRICT_OBJC_MSGSEND = YES;
				GCC_C_LANGUAGE_STANDARD = gnu11;
				GCC_NO_COMMON_BLOCKS = YES;
				GCC_WARN_64_TO_32_BIT_CONVERSION = YES;
				GCC_WARN_ABOUT_RETURN_TYPE = YES_ERROR;
				GCC_WARN_UNDECLARED_SELECTOR = YES;
				GCC_WARN_UNINITIALIZED_AUTOS = YES_AGGRESSIVE;
				GCC_WARN_UNUSED_FUNCTION = YES;
				GCC_WARN_UNUSED_VARIABLE = YES;
				IPHONEOS_DEPLOYMENT_TARGET = 13.5;
				MTL_ENABLE_DEBUG_INFO = NO;
				MTL_FAST_MATH = YES;
				SDKROOT = iphoneos;
				SWIFT_COMPILATION_MODE = wholemodule;
				SWIFT_OPTIMIZATION_LEVEL = "-O";
				VALIDATE_PRODUCT = YES;
			};
			name = Release;
		};
		2392826B2476767100CC84D2 /* Debug */ = {
			isa = XCBuildConfiguration;
			buildSettings = {
				ASSETCATALOG_COMPILER_APPICON_NAME = AppIcon;
				CODE_SIGN_STYLE = Automatic;
				DEVELOPMENT_TEAM = RAC2R759U8;
				INFOPLIST_FILE = Test/Info.plist;
				LD_RUNPATH_SEARCH_PATHS = (
					"$(inherited)",
					"@executable_path/Frameworks",
				);
				PRODUCT_BUNDLE_IDENTIFIER = Mr.Fang.Test;
				PRODUCT_NAME = "$(TARGET_NAME)";
				SWIFT_VERSION = 5.0;
				TARGETED_DEVICE_FAMILY = "1,2";
			};
			name = Debug;
		};
		2392826C2476767100CC84D2 /* Release */ = {
			isa = XCBuildConfiguration;
			buildSettings = {
				ASSETCATALOG_COMPILER_APPICON_NAME = AppIcon;
				CODE_SIGN_STYLE = Automatic;
				DEVELOPMENT_TEAM = RAC2R759U8;
				INFOPLIST_FILE = Test/Info.plist;
				LD_RUNPATH_SEARCH_PATHS = (
					"$(inherited)",
					"@executable_path/Frameworks",
				);
				PRODUCT_BUNDLE_IDENTIFIER = Mr.Fang.Test;
				PRODUCT_NAME = "$(TARGET_NAME)";
				SWIFT_VERSION = 5.0;
				TARGETED_DEVICE_FAMILY = "1,2";
			};
			name = Release;
		};
		2392826E2476767100CC84D2 /* Debug */ = {
			isa = XCBuildConfiguration;
			buildSettings = {
				ALWAYS_EMBED_SWIFT_STANDARD_LIBRARIES = YES;
				BUNDLE_LOADER = "$(TEST_HOST)";
				CODE_SIGN_STYLE = Automatic;
				DEVELOPMENT_TEAM = RAC2R759U8;
				INFOPLIST_FILE = TestTests/Info.plist;
				IPHONEOS_DEPLOYMENT_TARGET = 13.5;
				LD_RUNPATH_SEARCH_PATHS = (
					"$(inherited)",
					"@executable_path/Frameworks",
					"@loader_path/Frameworks",
				);
				PRODUCT_BUNDLE_IDENTIFIER = Mr.Fang.TestTests;
				PRODUCT_NAME = "$(TARGET_NAME)";
				SWIFT_VERSION = 5.0;
				TARGETED_DEVICE_FAMILY = "1,2";
				TEST_HOST = "$(BUILT_PRODUCTS_DIR)/Test.app/Test";
			};
			name = Debug;
		};
		2392826F2476767100CC84D2 /* Release */ = {
			isa = XCBuildConfiguration;
			buildSettings = {
				ALWAYS_EMBED_SWIFT_STANDARD_LIBRARIES = YES;
				BUNDLE_LOADER = "$(TEST_HOST)";
				CODE_SIGN_STYLE = Automatic;
				DEVELOPMENT_TEAM = RAC2R759U8;
				INFOPLIST_FILE = TestTests/Info.plist;
				IPHONEOS_DEPLOYMENT_TARGET = 13.5;
				LD_RUNPATH_SEARCH_PATHS = (
					"$(inherited)",
					"@executable_path/Frameworks",
					"@loader_path/Frameworks",
				);
				PRODUCT_BUNDLE_IDENTIFIER = Mr.Fang.TestTests;
				PRODUCT_NAME = "$(TARGET_NAME)";
				SWIFT_VERSION = 5.0;
				TARGETED_DEVICE_FAMILY = "1,2";
				TEST_HOST = "$(BUILT_PRODUCTS_DIR)/Test.app/Test";
			};
			name = Release;
		};
		239282712476767100CC84D2 /* Debug */ = {
			isa = XCBuildConfiguration;
			buildSettings = {
				ALWAYS_EMBED_SWIFT_STANDARD_LIBRARIES = YES;
				CODE_SIGN_STYLE = Automatic;
				DEVELOPMENT_TEAM = RAC2R759U8;
				INFOPLIST_FILE = TestUITests/Info.plist;
				LD_RUNPATH_SEARCH_PATHS = (
					"$(inherited)",
					"@executable_path/Frameworks",
					"@loader_path/Frameworks",
				);
				PRODUCT_BUNDLE_IDENTIFIER = Mr.Fang.TestUITests;
				PRODUCT_NAME = "$(TARGET_NAME)";
				SWIFT_VERSION = 5.0;
				TARGETED_DEVICE_FAMILY = "1,2";
				TEST_TARGET_NAME = Test;
			};
			name = Debug;
		};
		239282722476767100CC84D2 /* Release */ = {
			isa = XCBuildConfiguration;
			buildSettings = {
				ALWAYS_EMBED_SWIFT_STANDARD_LIBRARIES = YES;
				CODE_SIGN_STYLE = Automatic;
				DEVELOPMENT_TEAM = RAC2R759U8;
				INFOPLIST_FILE = TestUITests/Info.plist;
				LD_RUNPATH_SEARCH_PATHS = (
					"$(inherited)",
					"@executable_path/Frameworks",
					"@loader_path/Frameworks",
				);
				PRODUCT_BUNDLE_IDENTIFIER = Mr.Fang.TestUITests;
				PRODUCT_NAME = "$(TARGET_NAME)";
				SWIFT_VERSION = 5.0;
				TARGETED_DEVICE_FAMILY = "1,2";
				TEST_TARGET_NAME = Test;
			};
			name = Release;
		};
/* End XCBuildConfiguration section */

/* Begin XCConfigurationList section */
		2392823B2476766F00CC84D2 /* Build configuration list for PBXProject "Test" */ = {
			isa = XCConfigurationList;
			buildConfigurations = (
				239282682476767100CC84D2 /* Debug */,
				239282692476767100CC84D2 /* Release */,
			);
			defaultConfigurationIsVisible = 0;
			defaultConfigurationName = Release;
		};
		2392826A2476767100CC84D2 /* Build configuration list for PBXNativeTarget "Test" */ = {
			isa = XCConfigurationList;
			buildConfigurations = (
				2392826B2476767100CC84D2 /* Debug */,
				2392826C2476767100CC84D2 /* Release */,
			);
			defaultConfigurationIsVisible = 0;
			defaultConfigurationName = Release;
		};
		2392826D2476767100CC84D2 /* Build configuration list for PBXNativeTarget "TestTests" */ = {
			isa = XCConfigurationList;
			buildConfigurations = (
				2392826E2476767100CC84D2 /* Debug */,
				2392826F2476767100CC84D2 /* Release */,
			);
			defaultConfigurationIsVisible = 0;
			defaultConfigurationName = Release;
		};
		239282702476767100CC84D2 /* Build configuration list for PBXNativeTarget "TestUITests" */ = {
			isa = XCConfigurationList;
			buildConfigurations = (
				239282712476767100CC84D2 /* Debug */,
				239282722476767100CC84D2 /* Release */,
			);
			defaultConfigurationIsVisible = 0;
			defaultConfigurationName = Release;
		};
/* End XCConfigurationList section */
	};
	rootObject = 239282382476766F00CC84D2 /* Project object */;
}
